
Microsoft Visual Studio Solution File, Format Version 12.00
# Visual Studio Version 17
VisualStudioVersion = 17.0.31919.166
MinimumVisualStudioVersion = 10.0.40219.1
Project("{9A19103F-16F7-4668-BE54-9A1E7A4F7556}") = "PFRS", "PFRS\PFRS.csproj", "{3BF1F634-B7EF-439E-9A6A-09EDBA99412E}"
EndProject
Project("{9A19103F-16F7-4668-BE54-9A1E7A4F7556}") = "Analyzer", "Analyzer\Analyzer.csproj", "{1C4FB88C-4C7B-4301-B007-01792E994E40}"
EndProject
Project("{9A19103F-16F7-4668-BE54-9A1E7A4F7556}") = "Utils", "Utils\Utils.csproj", "{F5EBD0BD-8CDC-40BB-9F95-16E1DE1FF8F4}"
EndProject
Project("{9A19103F-16F7-4668-BE54-9A1E7A4F7556}") = "Simulator", "Simulator\Simulator.csproj", "{57B0C1B7-2907-4D5D-BD30-5CA30CD6BA1F}"
EndProject
Project("{9A19103F-16F7-4668-BE54-9A1E7A4F7556}") = "Common", "Common\Common.csproj", "{9CB4F1C1-61C9-49A0-AEAE-787A42731D3B}"
EndProject
Project("{2150E333-8FDC-42A3-9474-1A3956D46DE8}") = "data", "data", "{C28EA3E3-5A5F-43C2-8C1A-4BFA64458094}"
EndProject
Project("{2150E333-8FDC-42A3-9474-1A3956D46DE8}") = "data", "data", "{CEC69339-7623-440C-9CB4-4D812B4469A1}"
EndProject
Project("{2150E333-8FDC-42A3-9474-1A3956D46DE8}") = "scripts", "scripts", "{DE6A8B55-ED1F-4A05-9D22-9363C95C5403}"
	ProjectSection(SolutionItems) = preProject
		data\data\scripts\script.cs = data\data\scripts\script.cs
	EndProjectSection
EndProject
Project("{2150E333-8FDC-42A3-9474-1A3956D46DE8}") = "tracks", "tracks", "{C32717D6-C8C0-4596-B1AD-BB47B4C36262}"
	ProjectSection(SolutionItems) = preProject
		data\data\tracks\default.png = data\data\tracks\default.png
		data\data\tracks\track2.png = data\data\tracks\track2.png
		data\data\tracks\track3.png = data\data\tracks\track3.png
		data\data\tracks\track4.png = data\data\tracks\track4.png
	EndProjectSection
EndProject
Project("{9A19103F-16F7-4668-BE54-9A1E7A4F7556}") = "PFRS.Api", "PFRS.API\PFRS.Api.csproj", "{D9AC2CC4-3969-4354-9130-1F5006D7A270}"
EndProject
Project("{9A19103F-16F7-4668-BE54-9A1E7A4F7556}") = "PFRS.Domain", "PFRS.Domain\PFRS.Domain.csproj", "{15F5A191-8C59-488C-859A-B5484476D038}"
EndProject
Project("{9A19103F-16F7-4668-BE54-9A1E7A4F7556}") = "PFRS.Application", "PFRS.Application\PFRS.Application.csproj", "{37FAA715-C49F-4398-AAC9-4CF722C929F9}"
EndProject
Project("{9A19103F-16F7-4668-BE54-9A1E7A4F7556}") = "PFRS.Infrastructure", "PFRS.Infrastructure\PFRS.Infrastructure.csproj", "{70FDC6F0-E46B-4312-8865-1D7EFE890DE2}"
EndProject
Project("{FAE04EC0-301F-11D3-BF4B-00C04F79EFBC}") = "PFRS.UI", "PFRS.UI\PFRS.UI.csproj", "{A35A9A03-0FFF-48BB-8A1A-A1EDA23106BE}"
EndProject
Global
	GlobalSection(SolutionConfigurationPlatforms) = preSolution
		Debug|Any CPU = Debug|Any CPU
		Release|Any CPU = Release|Any CPU
	EndGlobalSection
	GlobalSection(ProjectConfigurationPlatforms) = postSolution
		{3BF1F634-B7EF-439E-9A6A-09EDBA99412E}.Debug|Any CPU.ActiveCfg = Debug|Any CPU
		{3BF1F634-B7EF-439E-9A6A-09EDBA99412E}.Debug|Any CPU.Build.0 = Debug|Any CPU
		{3BF1F634-B7EF-439E-9A6A-09EDBA99412E}.Release|Any CPU.ActiveCfg = Release|Any CPU
		{3BF1F634-B7EF-439E-9A6A-09EDBA99412E}.Release|Any CPU.Build.0 = Release|Any CPU
		{1C4FB88C-4C7B-4301-B007-01792E994E40}.Debug|Any CPU.ActiveCfg = Debug|Any CPU
		{1C4FB88C-4C7B-4301-B007-01792E994E40}.Debug|Any CPU.Build.0 = Debug|Any CPU
		{1C4FB88C-4C7B-4301-B007-01792E994E40}.Release|Any CPU.ActiveCfg = Release|Any CPU
		{1C4FB88C-4C7B-4301-B007-01792E994E40}.Release|Any CPU.Build.0 = Release|Any CPU
		{F5EBD0BD-8CDC-40BB-9F95-16E1DE1FF8F4}.Debug|Any CPU.ActiveCfg = Debug|Any CPU
		{F5EBD0BD-8CDC-40BB-9F95-16E1DE1FF8F4}.Debug|Any CPU.Build.0 = Debug|Any CPU
		{F5EBD0BD-8CDC-40BB-9F95-16E1DE1FF8F4}.Release|Any CPU.ActiveCfg = Release|Any CPU
		{F5EBD0BD-8CDC-40BB-9F95-16E1DE1FF8F4}.Release|Any CPU.Build.0 = Release|Any CPU
		{57B0C1B7-2907-4D5D-BD30-5CA30CD6BA1F}.Debug|Any CPU.ActiveCfg = Debug|Any CPU
		{57B0C1B7-2907-4D5D-BD30-5CA30CD6BA1F}.Debug|Any CPU.Build.0 = Debug|Any CPU
		{57B0C1B7-2907-4D5D-BD30-5CA30CD6BA1F}.Release|Any CPU.ActiveCfg = Release|Any CPU
		{57B0C1B7-2907-4D5D-BD30-5CA30CD6BA1F}.Release|Any CPU.Build.0 = Release|Any CPU
		{9CB4F1C1-61C9-49A0-AEAE-787A42731D3B}.Debug|Any CPU.ActiveCfg = Debug|Any CPU
		{9CB4F1C1-61C9-49A0-AEAE-787A42731D3B}.Debug|Any CPU.Build.0 = Debug|Any CPU
		{9CB4F1C1-61C9-49A0-AEAE-787A42731D3B}.Release|Any CPU.ActiveCfg = Release|Any CPU
		{9CB4F1C1-61C9-49A0-AEAE-787A42731D3B}.Release|Any CPU.Build.0 = Release|Any CPU
		{D9AC2CC4-3969-4354-9130-1F5006D7A270}.Debug|Any CPU.ActiveCfg = Debug|Any CPU
		{D9AC2CC4-3969-4354-9130-1F5006D7A270}.Debug|Any CPU.Build.0 = Debug|Any CPU
		{D9AC2CC4-3969-4354-9130-1F5006D7A270}.Release|Any CPU.ActiveCfg = Release|Any CPU
		{D9AC2CC4-3969-4354-9130-1F5006D7A270}.Release|Any CPU.Build.0 = Release|Any CPU
		{15F5A191-8C59-488C-859A-B5484476D038}.Debug|Any CPU.ActiveCfg = Debug|Any CPU
		{15F5A191-8C59-488C-859A-B5484476D038}.Debug|Any CPU.Build.0 = Debug|Any CPU
		{15F5A191-8C59-488C-859A-B5484476D038}.Release|Any CPU.ActiveCfg = Release|Any CPU
		{15F5A191-8C59-488C-859A-B5484476D038}.Release|Any CPU.Build.0 = Release|Any CPU
		{37FAA715-C49F-4398-AAC9-4CF722C929F9}.Debug|Any CPU.ActiveCfg = Debug|Any CPU
		{37FAA715-C49F-4398-AAC9-4CF722C929F9}.Debug|Any CPU.Build.0 = Debug|Any CPU
		{37FAA715-C49F-4398-AAC9-4CF722C929F9}.Release|Any CPU.ActiveCfg = Release|Any CPU
		{37FAA715-C49F-4398-AAC9-4CF722C929F9}.Release|Any CPU.Build.0 = Release|Any CPU
		{70FDC6F0-E46B-4312-8865-1D7EFE890DE2}.Debug|Any CPU.ActiveCfg = Debug|Any CPU
		{70FDC6F0-E46B-4312-8865-1D7EFE890DE2}.Debug|Any CPU.Build.0 = Debug|Any CPU
		{70FDC6F0-E46B-4312-8865-1D7EFE890DE2}.Release|Any CPU.ActiveCfg = Release|Any CPU
		{70FDC6F0-E46B-4312-8865-1D7EFE890DE2}.Release|Any CPU.Build.0 = Release|Any CPU
		{A35A9A03-0FFF-48BB-8A1A-A1EDA23106BE}.Debug|Any CPU.ActiveCfg = Debug|Any CPU
		{A35A9A03-0FFF-48BB-8A1A-A1EDA23106BE}.Debug|Any CPU.Build.0 = Debug|Any CPU
		{A35A9A03-0FFF-48BB-8A1A-A1EDA23106BE}.Release|Any CPU.ActiveCfg = Release|Any CPU
		{A35A9A03-0FFF-48BB-8A1A-A1EDA23106BE}.Release|Any CPU.Build.0 = Release|Any CPU
	EndGlobalSection
	GlobalSection(SolutionProperties) = preSolution
		HideSolutionNode = FALSE
	EndGlobalSection
	GlobalSection(NestedProjects) = preSolution
		{CEC69339-7623-440C-9CB4-4D812B4469A1} = {C28EA3E3-5A5F-43C2-8C1A-4BFA64458094}
		{DE6A8B55-ED1F-4A05-9D22-9363C95C5403} = {CEC69339-7623-440C-9CB4-4D812B4469A1}
		{C32717D6-C8C0-4596-B1AD-BB47B4C36262} = {CEC69339-7623-440C-9CB4-4D812B4469A1}
	EndGlobalSection
	GlobalSection(ExtensibilityGlobals) = postSolution
		SolutionGuid = {DF0EF825-0E4F-44EA-A59A-B1CBAC035E4F}
	EndGlobalSection
EndGlobal
